// !$*UTF8*$!
{
	archiveVersion = 1;
	classes = {
	};
	objectVersion = 56;
	objects = {

/* Begin PBXBuildFile section */
		102594442A8B508A00F2711D /* AppDelegate.swift in Sources */ = {isa = PBXBuildFile; fileRef = 102594432A8B508A00F2711D /* AppDelegate.swift */; };
		102594462A8B508A00F2711D /* SceneDelegate.swift in Sources */ = {isa = PBXBuildFile; fileRef = 102594452A8B508A00F2711D /* SceneDelegate.swift */; };
		1025944B2A8B508A00F2711D /* Main.storyboard in Resources */ = {isa = PBXBuildFile; fileRef = 102594492A8B508A00F2711D /* Main.storyboard */; };
		1025944E2A8B508A00F2711D /* TiklaMarket.xcdatamodeld in Sources */ = {isa = PBXBuildFile; fileRef = 1025944C2A8B508A00F2711D /* TiklaMarket.xcdatamodeld */; };
		102594502A8B508B00F2711D /* Assets.xcassets in Resources */ = {isa = PBXBuildFile; fileRef = 1025944F2A8B508B00F2711D /* Assets.xcassets */; };
		102594532A8B508B00F2711D /* LaunchScreen.storyboard in Resources */ = {isa = PBXBuildFile; fileRef = 102594512A8B508B00F2711D /* LaunchScreen.storyboard */; };
		1025945B2A8B52F600F2711D /* GoogleService-Info.plist in Resources */ = {isa = PBXBuildFile; fileRef = 1025945A2A8B52F600F2711D /* GoogleService-Info.plist */; };
		103548D52A94E64D0025B8FF /* Button.swift in Sources */ = {isa = PBXBuildFile; fileRef = 103548D42A94E64D0025B8FF /* Button.swift */; };
		104538562A8B65110076624E /* MainVC.swift in Sources */ = {isa = PBXBuildFile; fileRef = 104538552A8B65110076624E /* MainVC.swift */; };
		104538592A8B65880076624E /* MainCollectionVC.swift in Sources */ = {isa = PBXBuildFile; fileRef = 104538582A8B65880076624E /* MainCollectionVC.swift */; };
		1045385B2A8B659E0076624E /* Category.swift in Sources */ = {isa = PBXBuildFile; fileRef = 1045385A2A8B659E0076624E /* Category.swift */; };
		10AC291A2A8E91B60005901C /* ProductVC.swift in Sources */ = {isa = PBXBuildFile; fileRef = 10AC29192A8E91B60005901C /* ProductVC.swift */; };
		10AC291E2A8E95750005901C /* ProductCollectionVC.swift in Sources */ = {isa = PBXBuildFile; fileRef = 10AC291D2A8E95750005901C /* ProductCollectionVC.swift */; };
		10AC29202A8E96970005901C /* Product.swift in Sources */ = {isa = PBXBuildFile; fileRef = 10AC291F2A8E96970005901C /* Product.swift */; };
		10C0B5442A936264005A4CDD /* MainCollectionViewController.swift in Sources */ = {isa = PBXBuildFile; fileRef = 10C0B5432A936264005A4CDD /* MainCollectionViewController.swift */; };
		10C594252A8F547C001C54EF /* MyDataModel.swift in Sources */ = {isa = PBXBuildFile; fileRef = 10C594242A8F547C001C54EF /* MyDataModel.swift */; };
		10DC25E12A94AA850059B843 /* Api.swift in Sources */ = {isa = PBXBuildFile; fileRef = 10DC25E02A94AA850059B843 /* Api.swift */; };
		10DC25E32A94AAA90059B843 /* Constants.swift in Sources */ = {isa = PBXBuildFile; fileRef = 10DC25E22A94AAA90059B843 /* Constants.swift */; };
		10E04E4E2A8FA0340048668C /* categoryCell.swift in Sources */ = {isa = PBXBuildFile; fileRef = 10E04E4D2A8FA0340048668C /* categoryCell.swift */; };
		2A57045D310E760B5BCAEE80 /* Pods_TiklaMarket.framework in Frameworks */ = {isa = PBXBuildFile; fileRef = D6D9207068C0377191E429C3 /* Pods_TiklaMarket.framework */; };
/* End PBXBuildFile section */

/* Begin PBXFileReference section */
		102594402A8B508A00F2711D /* TiklaMarket.app */ = {isa = PBXFileReference; explicitFileType = wrapper.application; includeInIndex = 0; path = TiklaMarket.app; sourceTree = BUILT_PRODUCTS_DIR; };
		102594432A8B508A00F2711D /* AppDelegate.swift */ = {isa = PBXFileReference; lastKnownFileType = sourcecode.swift; path = AppDelegate.swift; sourceTree = "<group>"; };
		102594452A8B508A00F2711D /* SceneDelegate.swift */ = {isa = PBXFileReference; lastKnownFileType = sourcecode.swift; path = SceneDelegate.swift; sourceTree = "<group>"; };
		1025944A2A8B508A00F2711D /* Base */ = {isa = PBXFileReference; lastKnownFileType = file.storyboard; name = Base; path = Base.lproj/Main.storyboard; sourceTree = "<group>"; };
		1025944D2A8B508A00F2711D /* TiklaMarket.xcdatamodel */ = {isa = PBXFileReference; lastKnownFileType = wrapper.xcdatamodel; path = TiklaMarket.xcdatamodel; sourceTree = "<group>"; };
		1025944F2A8B508B00F2711D /* Assets.xcassets */ = {isa = PBXFileReference; lastKnownFileType = folder.assetcatalog; path = Assets.xcassets; sourceTree = "<group>"; };
		102594522A8B508B00F2711D /* Base */ = {isa = PBXFileReference; lastKnownFileType = file.storyboard; name = Base; path = Base.lproj/LaunchScreen.storyboard; sourceTree = "<group>"; };
		102594542A8B508B00F2711D /* Info.plist */ = {isa = PBXFileReference; lastKnownFileType = text.plist.xml; path = Info.plist; sourceTree = "<group>"; };
		1025945A2A8B52F600F2711D /* GoogleService-Info.plist */ = {isa = PBXFileReference; fileEncoding = 4; lastKnownFileType = text.plist.xml; path = "GoogleService-Info.plist"; sourceTree = "<group>"; };
		103548D42A94E64D0025B8FF /* Button.swift */ = {isa = PBXFileReference; lastKnownFileType = sourcecode.swift; name = Button.swift; path = ../../../../../Documents/Button.swift; sourceTree = "<group>"; };
		104538552A8B65110076624E /* MainVC.swift */ = {isa = PBXFileReference; lastKnownFileType = sourcecode.swift; path = MainVC.swift; sourceTree = "<group>"; };
		104538582A8B65880076624E /* MainCollectionVC.swift */ = {isa = PBXFileReference; lastKnownFileType = sourcecode.swift; path = MainCollectionVC.swift; sourceTree = "<group>"; };
		1045385A2A8B659E0076624E /* Category.swift */ = {isa = PBXFileReference; lastKnownFileType = sourcecode.swift; path = Category.swift; sourceTree = "<group>"; };
		10AC29192A8E91B60005901C /* ProductVC.swift */ = {isa = PBXFileReference; lastKnownFileType = sourcecode.swift; path = ProductVC.swift; sourceTree = "<group>"; };
		10AC291D2A8E95750005901C /* ProductCollectionVC.swift */ = {isa = PBXFileReference; lastKnownFileType = sourcecode.swift; path = ProductCollectionVC.swift; sourceTree = "<group>"; };
		10AC291F2A8E96970005901C /* Product.swift */ = {isa = PBXFileReference; lastKnownFileType = sourcecode.swift; path = Product.swift; sourceTree = "<group>"; };
		10C0B5432A936264005A4CDD /* MainCollectionViewController.swift */ = {isa = PBXFileReference; lastKnownFileType = sourcecode.swift; path = MainCollectionViewController.swift; sourceTree = "<group>"; };
		10C594242A8F547C001C54EF /* MyDataModel.swift */ = {isa = PBXFileReference; lastKnownFileType = sourcecode.swift; path = MyDataModel.swift; sourceTree = "<group>"; };
		10DC25E02A94AA850059B843 /* Api.swift */ = {isa = PBXFileReference; lastKnownFileType = sourcecode.swift; path = Api.swift; sourceTree = "<group>"; };
		10DC25E22A94AAA90059B843 /* Constants.swift */ = {isa = PBXFileReference; lastKnownFileType = sourcecode.swift; path = Constants.swift; sourceTree = "<group>"; };
		10E04E4D2A8FA0340048668C /* categoryCell.swift */ = {isa = PBXFileReference; lastKnownFileType = sourcecode.swift; path = categoryCell.swift; sourceTree = "<group>"; };
		38CA214B9A86DDA04A894130 /* Pods-TiklaMarket.release.xcconfig */ = {isa = PBXFileReference; includeInIndex = 1; lastKnownFileType = text.xcconfig; name = "Pods-TiklaMarket.release.xcconfig"; path = "Target Support Files/Pods-TiklaMarket/Pods-TiklaMarket.release.xcconfig"; sourceTree = "<group>"; };
		476F371C70220172DCD07AEB /* Pods-TiklaMarket.debug.xcconfig */ = {isa = PBXFileReference; includeInIndex = 1; lastKnownFileType = text.xcconfig; name = "Pods-TiklaMarket.debug.xcconfig"; path = "Target Support Files/Pods-TiklaMarket/Pods-TiklaMarket.debug.xcconfig"; sourceTree = "<group>"; };
		D6D9207068C0377191E429C3 /* Pods_TiklaMarket.framework */ = {isa = PBXFileReference; explicitFileType = wrapper.framework; includeInIndex = 0; path = Pods_TiklaMarket.framework; sourceTree = BUILT_PRODUCTS_DIR; };
/* End PBXFileReference section */

/* Begin PBXFrameworksBuildPhase section */
		1025943D2A8B508A00F2711D /* Frameworks */ = {
			isa = PBXFrameworksBuildPhase;
			buildActionMask = 2147483647;
			files = (
				2A57045D310E760B5BCAEE80 /* Pods_TiklaMarket.framework in Frameworks */,
			);
			runOnlyForDeploymentPostprocessing = 0;
		};
/* End PBXFrameworksBuildPhase section */

/* Begin PBXGroup section */
		102594372A8B508A00F2711D = {
			isa = PBXGroup;
			children = (
				102594422A8B508A00F2711D /* TiklaMarket */,
				102594412A8B508A00F2711D /* Products */,
				79028ADDF350B939F3DA2494 /* Pods */,
				412E113CD06439712B078E89 /* Frameworks */,
			);
			sourceTree = "<group>";
		};
		102594412A8B508A00F2711D /* Products */ = {
			isa = PBXGroup;
			children = (
				102594402A8B508A00F2711D /* TiklaMarket.app */,
			);
			name = Products;
			sourceTree = "<group>";
		};
		102594422A8B508A00F2711D /* TiklaMarket */ = {
			isa = PBXGroup;
			children = (
				10577A572A8CD88500DC15E1 /* Product */,
				104538572A8B654F0076624E /* Main */,
				102594432A8B508A00F2711D /* AppDelegate.swift */,
				10DC25E02A94AA850059B843 /* Api.swift */,
				10DC25E22A94AAA90059B843 /* Constants.swift */,
				102594452A8B508A00F2711D /* SceneDelegate.swift */,
				102594492A8B508A00F2711D /* Main.storyboard */,
				1025944F2A8B508B00F2711D /* Assets.xcassets */,
				102594512A8B508B00F2711D /* LaunchScreen.storyboard */,
				102594542A8B508B00F2711D /* Info.plist */,
				1025945A2A8B52F600F2711D /* GoogleService-Info.plist */,
				1025944C2A8B508A00F2711D /* TiklaMarket.xcdatamodeld */,
			);
			path = TiklaMarket;
			sourceTree = "<group>";
		};
		104538572A8B654F0076624E /* Main */ = {
			isa = PBXGroup;
			children = (
				104538552A8B65110076624E /* MainVC.swift */,
				104538582A8B65880076624E /* MainCollectionVC.swift */,
				1045385A2A8B659E0076624E /* Category.swift */,
				10C0B5432A936264005A4CDD /* MainCollectionViewController.swift */,
			);
			path = Main;
			sourceTree = "<group>";
		};
		10577A572A8CD88500DC15E1 /* Product */ = {
			isa = PBXGroup;
			children = (
				10AC29192A8E91B60005901C /* ProductVC.swift */,
				10AC291D2A8E95750005901C /* ProductCollectionVC.swift */,
				10AC291F2A8E96970005901C /* Product.swift */,
				10C594242A8F547C001C54EF /* MyDataModel.swift */,
				10E04E4D2A8FA0340048668C /* categoryCell.swift */,
				103548D42A94E64D0025B8FF /* Button.swift */,
			);
			path = Product;
			sourceTree = "<group>";
		};
		412E113CD06439712B078E89 /* Frameworks */ = {
			isa = PBXGroup;
			children = (
				D6D9207068C0377191E429C3 /* Pods_TiklaMarket.framework */,
			);
			name = Frameworks;
			sourceTree = "<group>";
		};
		79028ADDF350B939F3DA2494 /* Pods */ = {
			isa = PBXGroup;
			children = (
				476F371C70220172DCD07AEB /* Pods-TiklaMarket.debug.xcconfig */,
				38CA214B9A86DDA04A894130 /* Pods-TiklaMarket.release.xcconfig */,
			);
			path = Pods;
			sourceTree = "<group>";
		};
/* End PBXGroup section */

/* Begin PBXNativeTarget section */
		1025943F2A8B508A00F2711D /* TiklaMarket */ = {
			isa = PBXNativeTarget;
			buildConfigurationList = 102594572A8B508B00F2711D /* Build configuration list for PBXNativeTarget "TiklaMarket" */;
			buildPhases = (
				95F77A543651AEABE011D804 /* [CP] Check Pods Manifest.lock */,
				1025943C2A8B508A00F2711D /* Sources */,
				1025943D2A8B508A00F2711D /* Frameworks */,
				1025943E2A8B508A00F2711D /* Resources */,
				39B63482DA9115DE53D0D93F /* [CP] Embed Pods Frameworks */,
			);
			buildRules = (
			);
			dependencies = (
			);
			name = TiklaMarket;
			productName = TiklaMarket;
			productReference = 102594402A8B508A00F2711D /* TiklaMarket.app */;
			productType = "com.apple.product-type.application";
		};
/* End PBXNativeTarget section */

/* Begin PBXProject section */
		102594382A8B508A00F2711D /* Project object */ = {
			isa = PBXProject;
			attributes = {
				BuildIndependentTargetsInParallel = 1;
				LastSwiftUpdateCheck = 1420;
				LastUpgradeCheck = 1420;
				TargetAttributes = {
					1025943F2A8B508A00F2711D = {
						CreatedOnToolsVersion = 14.2;
					};
				};
			};
			buildConfigurationList = 1025943B2A8B508A00F2711D /* Build configuration list for PBXProject "TiklaMarket" */;
			compatibilityVersion = "Xcode 14.0";
			developmentRegion = en;
			hasScannedForEncodings = 0;
			knownRegions = (
				en,
				Base,
			);
			mainGroup = 102594372A8B508A00F2711D;
			productRefGroup = 102594412A8B508A00F2711D /* Products */;
			projectDirPath = "";
			projectRoot = "";
			targets = (
				1025943F2A8B508A00F2711D /* TiklaMarket */,
			);
		};
/* End PBXProject section */

/* Begin PBXResourcesBuildPhase section */
		1025943E2A8B508A00F2711D /* Resources */ = {
			isa = PBXResourcesBuildPhase;
			buildActionMask = 2147483647;
			files = (
				102594532A8B508B00F2711D /* LaunchScreen.storyboard in Resources */,
				1025945B2A8B52F600F2711D /* GoogleService-Info.plist in Resources */,
				102594502A8B508B00F2711D /* Assets.xcassets in Resources */,
				1025944B2A8B508A00F2711D /* Main.storyboard in Resources */,
			);
			runOnlyForDeploymentPostprocessing = 0;
		};
/* End PBXResourcesBuildPhase section */

/* Begin PBXShellScriptBuildPhase section */
		39B63482DA9115DE53D0D93F /* [CP] Embed Pods Frameworks */ = {
			isa = PBXShellScriptBuildPhase;
			buildActionMask = 2147483647;
			files = (
			);
			inputFileListPaths = (
				"${PODS_ROOT}/Target Support Files/Pods-TiklaMarket/Pods-TiklaMarket-frameworks-${CONFIGURATION}-input-files.xcfilelist",
			);
			name = "[CP] Embed Pods Frameworks";
			outputFileListPaths = (
				"${PODS_ROOT}/Target Support Files/Pods-TiklaMarket/Pods-TiklaMarket-frameworks-${CONFIGURATION}-output-files.xcfilelist",
			);
			runOnlyForDeploymentPostprocessing = 0;
			shellPath = /bin/sh;
			shellScript = "\"${PODS_ROOT}/Target Support Files/Pods-TiklaMarket/Pods-TiklaMarket-frameworks.sh\"\n";
			showEnvVarsInLog = 0;
		};
		95F77A543651AEABE011D804 /* [CP] Check Pods Manifest.lock */ = {
			isa = PBXShellScriptBuildPhase;
			buildActionMask = 2147483647;
			files = (
			);
			inputFileListPaths = (
			);
			inputPaths = (
				"${PODS_PODFILE_DIR_PATH}/Podfile.lock",
				"${PODS_ROOT}/Manifest.lock",
			);
			name = "[CP] Check Pods Manifest.lock";
			outputFileListPaths = (
			);
			outputPaths = (
				"$(DERIVED_FILE_DIR)/Pods-TiklaMarket-checkManifestLockResult.txt",
			);
			runOnlyForDeploymentPostprocessing = 0;
			shellPath = /bin/sh;
			shellScript = "diff \"${PODS_PODFILE_DIR_PATH}/Podfile.lock\" \"${PODS_ROOT}/Manifest.lock\" > /dev/null\nif [ $? != 0 ] ; then\n    # print error to STDERR\n    echo \"error: The sandbox is not in sync with the Podfile.lock. Run 'pod install' or update your CocoaPods installation.\" >&2\n    exit 1\nfi\n# This output is used by Xcode 'outputs' to avoid re-running this script phase.\necho \"SUCCESS\" > \"${SCRIPT_OUTPUT_FILE_0}\"\n";
			showEnvVarsInLog = 0;
		};
/* End PBXShellScriptBuildPhase section */

/* Begin PBXSourcesBuildPhase section */
		1025943C2A8B508A00F2711D /* Sources */ = {
			isa = PBXSourcesBuildPhase;
			buildActionMask = 2147483647;
			files = (
				104538592A8B65880076624E /* MainCollectionVC.swift in Sources */,
				10C0B5442A936264005A4CDD /* MainCollectionViewController.swift in Sources */,
				10AC291A2A8E91B60005901C /* ProductVC.swift in Sources */,
				104538562A8B65110076624E /* MainVC.swift in Sources */,
				10C594252A8F547C001C54EF /* MyDataModel.swift in Sources */,
				1025944E2A8B508A00F2711D /* TiklaMarket.xcdatamodeld in Sources */,
				10DC25E12A94AA850059B843 /* Api.swift in Sources */,
				102594442A8B508A00F2711D /* AppDelegate.swift in Sources */,
				10AC29202A8E96970005901C /* Product.swift in Sources */,
				10E04E4E2A8FA0340048668C /* categoryCell.swift in Sources */,
				103548D52A94E64D0025B8FF /* Button.swift in Sources */,
				10AC291E2A8E95750005901C /* ProductCollectionVC.swift in Sources */,
				10DC25E32A94AAA90059B843 /* Constants.swift in Sources */,
				1045385B2A8B659E0076624E /* Category.swift in Sources */,
				102594462A8B508A00F2711D /* SceneDelegate.swift in Sources */,
			);
			runOnlyForDeploymentPostprocessing = 0;
		};
/* End PBXSourcesBuildPhase section */

/* Begin PBXVariantGroup section */
		102594492A8B508A00F2711D /* Main.storyboard */ = {
			isa = PBXVariantGroup;
			children = (
				1025944A2A8B508A00F2711D /* Base */,
			);
			name = Main.storyboard;
			sourceTree = "<group>";
		};
		102594512A8B508B00F2711D /* LaunchScreen.storyboard */ = {
			isa = PBXVariantGroup;
			children = (
				102594522A8B508B00F2711D /* Base */,
			);
			name = LaunchScreen.storyboard;
			sourceTree = "<group>";
		};
/* End PBXVariantGroup section */

/* Begin XCBuildConfiguration section */
		102594552A8B508B00F2711D /* Debug */ = {
			isa = XCBuildConfiguration;
			buildSettings = {
				ALWAYS_SEARCH_USER_PATHS = NO;
				CLANG_ANALYZER_NONNULL = YES;
				CLANG_ANALYZER_NUMBER_OBJECT_CONVERSION = YES_AGGRESSIVE;
				CLANG_CXX_LANGUAGE_STANDARD = "gnu++20";
				CLANG_ENABLE_MODULES = YES;
				CLANG_ENABLE_OBJC_ARC = YES;
				CLANG_ENABLE_OBJC_WEAK = YES;
				CLANG_WARN_BLOCK_CAPTURE_AUTORELEASING = YES;
				CLANG_WARN_BOOL_CONVERSION = YES;
				CLANG_WARN_COMMA = YES;
				CLANG_WARN_CONSTANT_CONVERSION = YES;
				CLANG_WARN_DEPRECATED_OBJC_IMPLEMENTATIONS = YES;
				CLANG_WARN_DIRECT_OBJC_ISA_USAGE = YES_ERROR;
				CLANG_WARN_DOCUMENTATION_COMMENTS = YES;
				CLANG_WARN_EMPTY_BODY = YES;
				CLANG_WARN_ENUM_CONVERSION = YES;
				CLANG_WARN_INFINITE_RECURSION = YES;
				CLANG_WARN_INT_CONVERSION = YES;
				CLANG_WARN_NON_LITERAL_NULL_CONVERSION = YES;
				CLANG_WARN_OBJC_IMPLICIT_RETAIN_SELF = YES;
				CLANG_WARN_OBJC_LITERAL_CONVERSION = YES;
				CLANG_WARN_OBJC_ROOT_CLASS = YES_ERROR;
				CLANG_WARN_QUOTED_INCLUDE_IN_FRAMEWORK_HEADER = YES;
				CLANG_WARN_RANGE_LOOP_ANALYSIS = YES;
				CLANG_WARN_STRICT_PROTOTYPES = YES;
				CLANG_WARN_SUSPICIOUS_MOVE = YES;
				CLANG_WARN_UNGUARDED_AVAILABILITY = YES_AGGRESSIVE;
				CLANG_WARN_UNREACHABLE_CODE = YES;
				CLANG_WARN__DUPLICATE_METHOD_MATCH = YES;
				COPY_PHASE_STRIP = NO;
				DEBUG_INFORMATION_FORMAT = dwarf;
				ENABLE_STRICT_OBJC_MSGSEND = YES;
				ENABLE_TESTABILITY = YES;
				GCC_C_LANGUAGE_STANDARD = gnu11;
				GCC_DYNAMIC_NO_PIC = NO;
				GCC_NO_COMMON_BLOCKS = YES;
				GCC_OPTIMIZATION_LEVEL = 0;
				GCC_PREPROCESSOR_DEFINITIONS = (
					"DEBUG=1",
					"$(inherited)",
				);
				GCC_WARN_64_TO_32_BIT_CONVERSION = YES;
				GCC_WARN_ABOUT_RETURN_TYPE = YES_ERROR;
				GCC_WARN_UNDECLARED_SELECTOR = YES;
				GCC_WARN_UNINITIALIZED_AUTOS = YES_AGGRESSIVE;
				GCC_WARN_UNUSED_FUNCTION = YES;
				GCC_WARN_UNUSED_VARIABLE = YES;
				IPHONEOS_DEPLOYMENT_TARGET = 16.2;
				MTL_ENABLE_DEBUG_INFO = INCLUDE_SOURCE;
				MTL_FAST_MATH = YES;
				ONLY_ACTIVE_ARCH = YES;
				SDKROOT = iphoneos;
				SWIFT_ACTIVE_COMPILATION_CONDITIONS = DEBUG;
				SWIFT_OPTIMIZATION_LEVEL = "-Onone";
			};
			name = Debug;
		};
		102594562A8B508B00F2711D /* Release */ = {
			isa = XCBuildConfiguration;
			buildSettings = {
				ALWAYS_SEARCH_USER_PATHS = NO;
				CLANG_ANALYZER_NONNULL = YES;
				CLANG_ANALYZER_NUMBER_OBJECT_CONVERSION = YES_AGGRESSIVE;
				CLANG_CXX_LANGUAGE_STANDARD = "gnu++20";
				CLANG_ENABLE_MODULES = YES;
				CLANG_ENABLE_OBJC_ARC = YES;
				CLANG_ENABLE_OBJC_WEAK = YES;
				CLANG_WARN_BLOCK_CAPTURE_AUTORELEASING = YES;
				CLANG_WARN_BOOL_CONVERSION = YES;
				CLANG_WARN_COMMA = YES;
				CLANG_WARN_CONSTANT_CONVERSION = YES;
				CLANG_WARN_DEPRECATED_OBJC_IMPLEMENTATIONS = YES;
				CLANG_WARN_DIRECT_OBJC_ISA_USAGE = YES_ERROR;
				CLANG_WARN_DOCUMENTATION_COMMENTS = YES;
				CLANG_WARN_EMPTY_BODY = YES;
				CLANG_WARN_ENUM_CONVERSION = YES;
				CLANG_WARN_INFINITE_RECURSION = YES;
				CLANG_WARN_INT_CONVERSION = YES;
				CLANG_WARN_NON_LITERAL_NULL_CONVERSION = YES;
				CLANG_WARN_OBJC_IMPLICIT_RETAIN_SELF = YES;
				CLANG_WARN_OBJC_LITERAL_CONVERSION = YES;
				CLANG_WARN_OBJC_ROOT_CLASS = YES_ERROR;
				CLANG_WARN_QUOTED_INCLUDE_IN_FRAMEWORK_HEADER = YES;
				CLANG_WARN_RANGE_LOOP_ANALYSIS = YES;
				CLANG_WARN_STRICT_PROTOTYPES = YES;
				CLANG_WARN_SUSPICIOUS_MOVE = YES;
				CLANG_WARN_UNGUARDED_AVAILABILITY = YES_AGGRESSIVE;
				CLANG_WARN_UNREACHABLE_CODE = YES;
				CLANG_WARN__DUPLICATE_METHOD_MATCH = YES;
				COPY_PHASE_STRIP = NO;
				DEBUG_INFORMATION_FORMAT = "dwarf-with-dsym";
				ENABLE_NS_ASSERTIONS = NO;
				ENABLE_STRICT_OBJC_MSGSEND = YES;
				GCC_C_LANGUAGE_STANDARD = gnu11;
				GCC_NO_COMMON_BLOCKS = YES;
				GCC_WARN_64_TO_32_BIT_CONVERSION = YES;
				GCC_WARN_ABOUT_RETURN_TYPE = YES_ERROR;
				GCC_WARN_UNDECLARED_SELECTOR = YES;
				GCC_WARN_UNINITIALIZED_AUTOS = YES_AGGRESSIVE;
				GCC_WARN_UNUSED_FUNCTION = YES;
				GCC_WARN_UNUSED_VARIABLE = YES;
				IPHONEOS_DEPLOYMENT_TARGET = 16.2;
				MTL_ENABLE_DEBUG_INFO = NO;
				MTL_FAST_MATH = YES;
				SDKROOT = iphoneos;
				SWIFT_COMPILATION_MODE = wholemodule;
				SWIFT_OPTIMIZATION_LEVEL = "-O";
				VALIDATE_PRODUCT = YES;
			};
			name = Release;
		};
		102594582A8B508B00F2711D /* Debug */ = {
			isa = XCBuildConfiguration;
			baseConfigurationReference = 476F371C70220172DCD07AEB /* Pods-TiklaMarket.debug.xcconfig */;
			buildSettings = {
				ASSETCATALOG_COMPILER_APPICON_NAME = AppIcon;
				ASSETCATALOG_COMPILER_GLOBAL_ACCENT_COLOR_NAME = AccentColor;
				CODE_SIGN_STYLE = Automatic;
				CURRENT_PROJECT_VERSION = 1;
				DEVELOPMENT_TEAM = 9ZBB7384W6;
				GENERATE_INFOPLIST_FILE = YES;
				INFOPLIST_FILE = TiklaMarket/Info.plist;
				INFOPLIST_KEY_UIApplicationSupportsIndirectInputEvents = YES;
				INFOPLIST_KEY_UILaunchStoryboardName = LaunchScreen;
				INFOPLIST_KEY_UIMainStoryboardFile = Main;
				INFOPLIST_KEY_UISupportedInterfaceOrientations_iPad = "UIInterfaceOrientationPortrait UIInterfaceOrientationPortraitUpsideDown UIInterfaceOrientationLandscapeLeft UIInterfaceOrientationLandscapeRight";
				INFOPLIST_KEY_UISupportedInterfaceOrientations_iPhone = "UIInterfaceOrientationPortrait UIInterfaceOrientationLandscapeLeft UIInterfaceOrientationLandscapeRight";
				LD_RUNPATH_SEARCH_PATHS = (
					"$(inherited)",
					"@executable_path/Frameworks",
				);
				MARKETING_VERSION = 1.0;
				PRODUCT_BUNDLE_IDENTIFIER = tr.ibb.gov.TiklaMarket;
				PRODUCT_NAME = "$(TARGET_NAME)";
				SWIFT_EMIT_LOC_STRINGS = YES;
				SWIFT_VERSION = 5.0;
				TARGETED_DEVICE_FAMILY = "1,2";
			};
			name = Debug;
		};
		102594592A8B508B00F2711D /* Release */ = {
			isa = XCBuildConfiguration;
			baseConfigurationReference = 38CA214B9A86DDA04A894130 /* Pods-TiklaMarket.release.xcconfig */;
			buildSettings = {
				ASSETCATALOG_COMPILER_APPICON_NAME = AppIcon;
				ASSETCATALOG_COMPILER_GLOBAL_ACCENT_COLOR_NAME = AccentColor;
				CODE_SIGN_STYLE = Automatic;
				CURRENT_PROJECT_VERSION = 1;
				DEVELOPMENT_TEAM = 9ZBB7384W6;
				GENERATE_INFOPLIST_FILE = YES;
				INFOPLIST_FILE = TiklaMarket/Info.plist;
				INFOPLIST_KEY_UIApplicationSupportsIndirectInputEvents = YES;
				INFOPLIST_KEY_UILaunchStoryboardName = LaunchScreen;
				INFOPLIST_KEY_UIMainStoryboardFile = Main;
				INFOPLIST_KEY_UISupportedInterfaceOrientations_iPad = "UIInterfaceOrientationPortrait UIInterfaceOrientationPortraitUpsideDown UIInterfaceOrientationLandscapeLeft UIInterfaceOrientationLandscapeRight";
				INFOPLIST_KEY_UISupportedInterfaceOrientations_iPhone = "UIInterfaceOrientationPortrait UIInterfaceOrientationLandscapeLeft UIInterfaceOrientationLandscapeRight";
				LD_RUNPATH_SEARCH_PATHS = (
					"$(inherited)",
					"@executable_path/Frameworks",
				);
				MARKETING_VERSION = 1.0;
				PRODUCT_BUNDLE_IDENTIFIER = tr.ibb.gov.TiklaMarket;
				PRODUCT_NAME = "$(TARGET_NAME)";
				SWIFT_EMIT_LOC_STRINGS = YES;
				SWIFT_VERSION = 5.0;
				TARGETED_DEVICE_FAMILY = "1,2";
			};
			name = Release;
		};
/* End XCBuildConfiguration section */

/* Begin XCConfigurationList section */
		1025943B2A8B508A00F2711D /* Build configuration list for PBXProject "TiklaMarket" */ = {
			isa = XCConfigurationList;
			buildConfigurations = (
				102594552A8B508B00F2711D /* Debug */,
				102594562A8B508B00F2711D /* Release */,
			);
			defaultConfigurationIsVisible = 0;
			defaultConfigurationName = Release;
		};
		102594572A8B508B00F2711D /* Build configuration list for PBXNativeTarget "TiklaMarket" */ = {
			isa = XCConfigurationList;
			buildConfigurations = (
				102594582A8B508B00F2711D /* Debug */,
				102594592A8B508B00F2711D /* Release */,
			);
			defaultConfigurationIsVisible = 0;
			defaultConfigurationName = Release;
		};
/* End XCConfigurationList section */

/* Begin XCVersionGroup section */
		1025944C2A8B508A00F2711D /* TiklaMarket.xcdatamodeld */ = {
			isa = XCVersionGroup;
			children = (
				1025944D2A8B508A00F2711D /* TiklaMarket.xcdatamodel */,
			);
			currentVersion = 1025944D2A8B508A00F2711D /* TiklaMarket.xcdatamodel */;
			path = TiklaMarket.xcdatamodeld;
			sourceTree = "<group>";
			versionGroupType = wrapper.xcdatamodel;
		};
/* End XCVersionGroup section */
	};
	rootObject = 102594382A8B508A00F2711D /* Project object */;
}
